
Microsoft Visual Studio Solution File, Format Version 12.00
# Visual Studio 14
VisualStudioVersion = 14.0.25420.1
MinimumVisualStudioVersion = 10.0.40219.1
Project("{2150E333-8FDC-42A3-9474-1A3956D46DE8}") = "Solution Items", "Solution Items", "{CD03D544-3C7D-474E-AA6F-41B3CEA069FD}"
	ProjectSection(SolutionItems) = preProject
		ReadMe.txt = ReadMe.txt
	EndProjectSection
EndProject
Project("{FAE04EC0-301F-11D3-BF4B-00C04F79EFBC}") = "CircleCollisionDetection", "CircleCollisionDetection\CircleCollisionDetection.csproj", "{FFEA51AC-5895-4A15-B8FE-4C19919A444F}"
EndProject
Project("{FAE04EC0-301F-11D3-BF4B-00C04F79EFBC}") = "CircleCollisionDetection.UnitTests", "CircleCollisionDetection.UnitTests\CircleCollisionDetection.UnitTests.csproj", "{A70FD16B-0923-46F5-996E-BAD56D6A98D1}"
EndProject
Global
	GlobalSection(SolutionConfigurationPlatforms) = preSolution
		Debug|Any CPU = Debug|Any CPU
		Release|Any CPU = Release|Any CPU
	EndGlobalSection
	GlobalSection(ProjectConfigurationPlatforms) = postSolution
		{FFEA51AC-5895-4A15-B8FE-4C19919A444F}.Debug|Any CPU.ActiveCfg = Debug|Any CPU
		{FFEA51AC-5895-4A15-B8FE-4C19919A444F}.Debug|Any CPU.Build.0 = Debug|Any CPU
		{FFEA51AC-5895-4A15-B8FE-4C19919A444F}.Release|Any CPU.ActiveCfg = Release|Any CPU
		{FFEA51AC-5895-4A15-B8FE-4C19919A444F}.Release|Any CPU.Build.0 = Release|Any CPU
		{A70FD16B-0923-46F5-996E-BAD56D6A98D1}.Debug|Any CPU.ActiveCfg = Debug|Any CPU
		{A70FD16B-0923-46F5-996E-BAD56D6A98D1}.Debug|Any CPU.Build.0 = Debug|Any CPU
		{A70FD16B-0923-46F5-996E-BAD56D6A98D1}.Release|Any CPU.ActiveCfg = Release|Any CPU
		{A70FD16B-0923-46F5-996E-BAD56D6A98D1}.Release|Any CPU.Build.0 = Release|Any CPU
	EndGlobalSection
	GlobalSection(SolutionProperties) = preSolution
		HideSolutionNode = FALSE
	EndGlobalSection
EndGlobal
