
Microsoft Visual Studio Solution File, Format Version 12.00
# Visual Studio 14
VisualStudioVersion = 14.0.25420.1
MinimumVisualStudioVersion = 10.0.40219.1
Project("{2150E333-8FDC-42A3-9474-1A3956D46DE8}") = "Solution Items", "Solution Items", "{2252ACD6-39BF-4B3B-9A19-86EF209C8738}"
	ProjectSection(SolutionItems) = preProject
		ReadMe.txt = ReadMe.txt
	EndProjectSection
EndProject
Project("{FAE04EC0-301F-11D3-BF4B-00C04F79EFBC}") = "SoftwareForRestaurant_01_Lab4", "SoftwareForRestaurant_01_Lab4\SoftwareForRestaurant_01_Lab4.csproj", "{EFFA3230-3B3F-4C82-A0DA-DFD862C32222}"
EndProject
Global
	GlobalSection(SolutionConfigurationPlatforms) = preSolution
		Debug|Any CPU = Debug|Any CPU
		Release|Any CPU = Release|Any CPU
	EndGlobalSection
	GlobalSection(ProjectConfigurationPlatforms) = postSolution
		{EFFA3230-3B3F-4C82-A0DA-DFD862C32222}.Debug|Any CPU.ActiveCfg = Debug|Any CPU
		{EFFA3230-3B3F-4C82-A0DA-DFD862C32222}.Debug|Any CPU.Build.0 = Debug|Any CPU
		{EFFA3230-3B3F-4C82-A0DA-DFD862C32222}.Release|Any CPU.ActiveCfg = Release|Any CPU
		{EFFA3230-3B3F-4C82-A0DA-DFD862C32222}.Release|Any CPU.Build.0 = Release|Any CPU
	EndGlobalSection
	GlobalSection(SolutionProperties) = preSolution
		HideSolutionNode = FALSE
	EndGlobalSection
	GlobalSection(NestedProjects) = preSolution
		{EFFA3230-3B3F-4C82-A0DA-DFD862C32222} = {2252ACD6-39BF-4B3B-9A19-86EF209C8738}
	EndGlobalSection
EndGlobal
