
Microsoft Visual Studio Solution File, Format Version 12.00
# Visual Studio 14
VisualStudioVersion = 14.0.25420.1
MinimumVisualStudioVersion = 10.0.40219.1
Project("{2150E333-8FDC-42A3-9474-1A3956D46DE8}") = "Solution Items", "Solution Items", "{7DA6E4C6-CC8D-42A5-ACB3-DAE411478505}"
	ProjectSection(SolutionItems) = preProject
		ReadMe.txt = ReadMe.txt
	EndProjectSection
EndProject
Project("{FAE04EC0-301F-11D3-BF4B-00C04F79EFBC}") = "OnlineExam.UnitTests", "OnlineExam.UnitTests\OnlineExam.UnitTests.csproj", "{6409D6C9-8944-40E6-BC2D-C1BEAA775E5F}"
EndProject
Project("{FAE04EC0-301F-11D3-BF4B-00C04F79EFBC}") = "MathExtensions.UnitTests", "MathExtensions.UnitTests\MathExtensions.UnitTests.csproj", "{7E2289B7-A87B-426E-8C5F-2270D69861C9}"
EndProject
Project("{FAE04EC0-301F-11D3-BF4B-00C04F79EFBC}") = "MathExtensions", "MathExtensions\MathExtensions.csproj", "{2333A590-F255-43A1-82C7-2E3845478F81}"
EndProject
Project("{FAE04EC0-301F-11D3-BF4B-00C04F79EFBC}") = "OnlineExam", "OnlineExam\OnlineExam.csproj", "{93585719-E0C5-47FA-A595-B33B5A87AC66}"
EndProject
Project("{FAE04EC0-301F-11D3-BF4B-00C04F79EFBC}") = "GeneratedTestData", "GeneratedTestData\GeneratedTestData.csproj", "{AE9E23CF-FA12-43B0-A0C8-4CA1593BEF8C}"
EndProject
Project("{FAE04EC0-301F-11D3-BF4B-00C04F79EFBC}") = "StackOverflow", "StackOverflow\StackOverflow.csproj", "{9208EC9C-AB57-4171-9F0B-6E4E193E564F}"
EndProject
Global
	GlobalSection(SolutionConfigurationPlatforms) = preSolution
		Debug|Any CPU = Debug|Any CPU
		Release|Any CPU = Release|Any CPU
	EndGlobalSection
	GlobalSection(ProjectConfigurationPlatforms) = postSolution
		{6409D6C9-8944-40E6-BC2D-C1BEAA775E5F}.Debug|Any CPU.ActiveCfg = Debug|Any CPU
		{6409D6C9-8944-40E6-BC2D-C1BEAA775E5F}.Debug|Any CPU.Build.0 = Debug|Any CPU
		{6409D6C9-8944-40E6-BC2D-C1BEAA775E5F}.Release|Any CPU.ActiveCfg = Release|Any CPU
		{6409D6C9-8944-40E6-BC2D-C1BEAA775E5F}.Release|Any CPU.Build.0 = Release|Any CPU
		{7E2289B7-A87B-426E-8C5F-2270D69861C9}.Debug|Any CPU.ActiveCfg = Debug|Any CPU
		{7E2289B7-A87B-426E-8C5F-2270D69861C9}.Debug|Any CPU.Build.0 = Debug|Any CPU
		{7E2289B7-A87B-426E-8C5F-2270D69861C9}.Release|Any CPU.ActiveCfg = Release|Any CPU
		{7E2289B7-A87B-426E-8C5F-2270D69861C9}.Release|Any CPU.Build.0 = Release|Any CPU
		{2333A590-F255-43A1-82C7-2E3845478F81}.Debug|Any CPU.ActiveCfg = Debug|Any CPU
		{2333A590-F255-43A1-82C7-2E3845478F81}.Debug|Any CPU.Build.0 = Debug|Any CPU
		{2333A590-F255-43A1-82C7-2E3845478F81}.Release|Any CPU.ActiveCfg = Release|Any CPU
		{2333A590-F255-43A1-82C7-2E3845478F81}.Release|Any CPU.Build.0 = Release|Any CPU
		{93585719-E0C5-47FA-A595-B33B5A87AC66}.Debug|Any CPU.ActiveCfg = Debug|Any CPU
		{93585719-E0C5-47FA-A595-B33B5A87AC66}.Debug|Any CPU.Build.0 = Debug|Any CPU
		{93585719-E0C5-47FA-A595-B33B5A87AC66}.Release|Any CPU.ActiveCfg = Release|Any CPU
		{93585719-E0C5-47FA-A595-B33B5A87AC66}.Release|Any CPU.Build.0 = Release|Any CPU
		{AE9E23CF-FA12-43B0-A0C8-4CA1593BEF8C}.Debug|Any CPU.ActiveCfg = Debug|Any CPU
		{AE9E23CF-FA12-43B0-A0C8-4CA1593BEF8C}.Debug|Any CPU.Build.0 = Debug|Any CPU
		{AE9E23CF-FA12-43B0-A0C8-4CA1593BEF8C}.Release|Any CPU.ActiveCfg = Release|Any CPU
		{AE9E23CF-FA12-43B0-A0C8-4CA1593BEF8C}.Release|Any CPU.Build.0 = Release|Any CPU
		{9208EC9C-AB57-4171-9F0B-6E4E193E564F}.Debug|Any CPU.ActiveCfg = Debug|Any CPU
		{9208EC9C-AB57-4171-9F0B-6E4E193E564F}.Debug|Any CPU.Build.0 = Debug|Any CPU
		{9208EC9C-AB57-4171-9F0B-6E4E193E564F}.Release|Any CPU.ActiveCfg = Release|Any CPU
		{9208EC9C-AB57-4171-9F0B-6E4E193E564F}.Release|Any CPU.Build.0 = Release|Any CPU
	EndGlobalSection
	GlobalSection(SolutionProperties) = preSolution
		HideSolutionNode = FALSE
	EndGlobalSection
EndGlobal
