
Microsoft Visual Studio Solution File, Format Version 12.00
# Visual Studio 2013
VisualStudioVersion = 12.0.40629.0
MinimumVisualStudioVersion = 10.0.40219.1
Project("{2150E333-8FDC-42A3-9474-1A3956D46DE8}") = "Solution Items", "Solution Items", "{284F5301-AF40-4458-874F-D6E88748F7CB}"
	ProjectSection(SolutionItems) = preProject
		ReadMe.txt = ReadMe.txt
	EndProjectSection
EndProject
Project("{FAE04EC0-301F-11D3-BF4B-00C04F79EFBC}") = "If01", "If01\If01.csproj", "{E3B76506-157E-450B-B817-87664095F97C}"
EndProject
Project("{FAE04EC0-301F-11D3-BF4B-00C04F79EFBC}") = "While01", "While01\While01.csproj", "{D3DDCB2C-6C1A-45F0-AC57-19FB4B3F82D6}"
EndProject
Project("{FAE04EC0-301F-11D3-BF4B-00C04F79EFBC}") = "While03", "While03\While03.csproj", "{279817AF-B3A4-4767-8B25-A9EC97F1F398}"
EndProject
Project("{FAE04EC0-301F-11D3-BF4B-00C04F79EFBC}") = "SwitchOnEnum", "SwitchOnEnum\SwitchOnEnum.csproj", "{73645496-7765-47DE-ACF7-AD6FC199EC3A}"
EndProject
Project("{FAE04EC0-301F-11D3-BF4B-00C04F79EFBC}") = "if02", "if02\if02.csproj", "{0E189F56-7782-4920-83AE-E84F5F1D04C2}"
EndProject
Project("{FAE04EC0-301F-11D3-BF4B-00C04F79EFBC}") = "While02", "While02\While02.csproj", "{A38A92F0-1CC4-4AD3-8EA9-054C42A9710A}"
EndProject
Project("{FAE04EC0-301F-11D3-BF4B-00C04F79EFBC}") = "For01", "For01\For01.csproj", "{DD645865-D4E2-411B-964A-22875F57B8D0}"
EndProject
Project("{FAE04EC0-301F-11D3-BF4B-00C04F79EFBC}") = "For2", "For2\For2.csproj", "{D45D6DFA-55CC-4EBA-AD6C-0959981C29BA}"
EndProject
Project("{FAE04EC0-301F-11D3-BF4B-00C04F79EFBC}") = "For03", "For03\For03.csproj", "{03F70F9C-8BB6-4297-A337-B5E75F475E4E}"
EndProject
Global
	GlobalSection(SolutionConfigurationPlatforms) = preSolution
		Debug|Any CPU = Debug|Any CPU
		Release|Any CPU = Release|Any CPU
	EndGlobalSection
	GlobalSection(ProjectConfigurationPlatforms) = postSolution
		{E3B76506-157E-450B-B817-87664095F97C}.Debug|Any CPU.ActiveCfg = Debug|Any CPU
		{E3B76506-157E-450B-B817-87664095F97C}.Debug|Any CPU.Build.0 = Debug|Any CPU
		{E3B76506-157E-450B-B817-87664095F97C}.Release|Any CPU.ActiveCfg = Release|Any CPU
		{E3B76506-157E-450B-B817-87664095F97C}.Release|Any CPU.Build.0 = Release|Any CPU
		{D3DDCB2C-6C1A-45F0-AC57-19FB4B3F82D6}.Debug|Any CPU.ActiveCfg = Debug|Any CPU
		{D3DDCB2C-6C1A-45F0-AC57-19FB4B3F82D6}.Debug|Any CPU.Build.0 = Debug|Any CPU
		{D3DDCB2C-6C1A-45F0-AC57-19FB4B3F82D6}.Release|Any CPU.ActiveCfg = Release|Any CPU
		{D3DDCB2C-6C1A-45F0-AC57-19FB4B3F82D6}.Release|Any CPU.Build.0 = Release|Any CPU
		{279817AF-B3A4-4767-8B25-A9EC97F1F398}.Debug|Any CPU.ActiveCfg = Debug|Any CPU
		{279817AF-B3A4-4767-8B25-A9EC97F1F398}.Debug|Any CPU.Build.0 = Debug|Any CPU
		{279817AF-B3A4-4767-8B25-A9EC97F1F398}.Release|Any CPU.ActiveCfg = Release|Any CPU
		{279817AF-B3A4-4767-8B25-A9EC97F1F398}.Release|Any CPU.Build.0 = Release|Any CPU
		{73645496-7765-47DE-ACF7-AD6FC199EC3A}.Debug|Any CPU.ActiveCfg = Debug|Any CPU
		{73645496-7765-47DE-ACF7-AD6FC199EC3A}.Debug|Any CPU.Build.0 = Debug|Any CPU
		{73645496-7765-47DE-ACF7-AD6FC199EC3A}.Release|Any CPU.ActiveCfg = Release|Any CPU
		{73645496-7765-47DE-ACF7-AD6FC199EC3A}.Release|Any CPU.Build.0 = Release|Any CPU
		{0E189F56-7782-4920-83AE-E84F5F1D04C2}.Debug|Any CPU.ActiveCfg = Debug|Any CPU
		{0E189F56-7782-4920-83AE-E84F5F1D04C2}.Debug|Any CPU.Build.0 = Debug|Any CPU
		{0E189F56-7782-4920-83AE-E84F5F1D04C2}.Release|Any CPU.ActiveCfg = Release|Any CPU
		{0E189F56-7782-4920-83AE-E84F5F1D04C2}.Release|Any CPU.Build.0 = Release|Any CPU
		{A38A92F0-1CC4-4AD3-8EA9-054C42A9710A}.Debug|Any CPU.ActiveCfg = Debug|Any CPU
		{A38A92F0-1CC4-4AD3-8EA9-054C42A9710A}.Debug|Any CPU.Build.0 = Debug|Any CPU
		{A38A92F0-1CC4-4AD3-8EA9-054C42A9710A}.Release|Any CPU.ActiveCfg = Release|Any CPU
		{A38A92F0-1CC4-4AD3-8EA9-054C42A9710A}.Release|Any CPU.Build.0 = Release|Any CPU
		{DD645865-D4E2-411B-964A-22875F57B8D0}.Debug|Any CPU.ActiveCfg = Debug|Any CPU
		{DD645865-D4E2-411B-964A-22875F57B8D0}.Debug|Any CPU.Build.0 = Debug|Any CPU
		{DD645865-D4E2-411B-964A-22875F57B8D0}.Release|Any CPU.ActiveCfg = Release|Any CPU
		{DD645865-D4E2-411B-964A-22875F57B8D0}.Release|Any CPU.Build.0 = Release|Any CPU
		{D45D6DFA-55CC-4EBA-AD6C-0959981C29BA}.Debug|Any CPU.ActiveCfg = Debug|Any CPU
		{D45D6DFA-55CC-4EBA-AD6C-0959981C29BA}.Debug|Any CPU.Build.0 = Debug|Any CPU
		{D45D6DFA-55CC-4EBA-AD6C-0959981C29BA}.Release|Any CPU.ActiveCfg = Release|Any CPU
		{D45D6DFA-55CC-4EBA-AD6C-0959981C29BA}.Release|Any CPU.Build.0 = Release|Any CPU
		{03F70F9C-8BB6-4297-A337-B5E75F475E4E}.Debug|Any CPU.ActiveCfg = Debug|Any CPU
		{03F70F9C-8BB6-4297-A337-B5E75F475E4E}.Debug|Any CPU.Build.0 = Debug|Any CPU
		{03F70F9C-8BB6-4297-A337-B5E75F475E4E}.Release|Any CPU.ActiveCfg = Release|Any CPU
		{03F70F9C-8BB6-4297-A337-B5E75F475E4E}.Release|Any CPU.Build.0 = Release|Any CPU
	EndGlobalSection
	GlobalSection(SolutionProperties) = preSolution
		HideSolutionNode = FALSE
	EndGlobalSection
EndGlobal
