
Microsoft Visual Studio Solution File, Format Version 12.00
# Visual Studio 15
VisualStudioVersion = 15.0.26430.6
MinimumVisualStudioVersion = 10.0.40219.1
Project("{2150E333-8FDC-42A3-9474-1A3956D46DE8}") = "Solution Items", "Solution Items", "{284F5301-AF40-4458-874F-D6E88748F7CB}"
	ProjectSection(SolutionItems) = preProject
		ReadMe.txt = ReadMe.txt
	EndProjectSection
EndProject
Project("{FAE04EC0-301F-11D3-BF4B-00C04F79EFBC}") = "If01", "If01\If01.csproj", "{E3B76506-157E-450B-B817-87664095F97C}"
EndProject
Project("{FAE04EC0-301F-11D3-BF4B-00C04F79EFBC}") = "While01", "While01\While01.csproj", "{D3DDCB2C-6C1A-45F0-AC57-19FB4B3F82D6}"
EndProject
Project("{FAE04EC0-301F-11D3-BF4B-00C04F79EFBC}") = "While03", "While03\While03.csproj", "{279817AF-B3A4-4767-8B25-A9EC97F1F398}"
EndProject
Project("{FAE04EC0-301F-11D3-BF4B-00C04F79EFBC}") = "SwitchOnEnum", "SwitchOnEnum\SwitchOnEnum.csproj", "{73645496-7765-47DE-ACF7-AD6FC199EC3A}"
EndProject
Project("{FAE04EC0-301F-11D3-BF4B-00C04F79EFBC}") = "If02", "ConsoleApplication1\If02.csproj", "{A35807A4-272C-4916-86E9-D51B12AD0D1B}"
EndProject
Project("{FAE04EC0-301F-11D3-BF4B-00C04F79EFBC}") = "While02", "While02\While02.csproj", "{2865A66E-F893-44A0-B548-5B1E2D847665}"
EndProject
Project("{FAE04EC0-301F-11D3-BF4B-00C04F79EFBC}") = "For01", "For01\For01.csproj", "{ADC482A5-6E33-451D-8519-E083F7EA4AE8}"
EndProject
Project("{FAE04EC0-301F-11D3-BF4B-00C04F79EFBC}") = "For02", "ConsoleApplication2\For02.csproj", "{428982CF-BDB6-4A44-AD40-4723577FFD0F}"
EndProject
Project("{FAE04EC0-301F-11D3-BF4B-00C04F79EFBC}") = "For03", "For03\For03.csproj", "{B927DA66-9CD8-451C-90B6-0F43A7506170}"
EndProject
Project("{FAE04EC0-301F-11D3-BF4B-00C04F79EFBC}") = "Break01", "Break01\Break01.csproj", "{3796A844-1DE6-4481-844B-57AFF82BFC2F}"
EndProject
Project("{FAE04EC0-301F-11D3-BF4B-00C04F79EFBC}") = "Switch01", "ConsoleApp1\Switch01.csproj", "{12E22B58-AB67-4124-A2EE-87CDE18C7E88}"
EndProject
Global
	GlobalSection(SolutionConfigurationPlatforms) = preSolution
		Debug|Any CPU = Debug|Any CPU
		Release|Any CPU = Release|Any CPU
	EndGlobalSection
	GlobalSection(ProjectConfigurationPlatforms) = postSolution
		{E3B76506-157E-450B-B817-87664095F97C}.Debug|Any CPU.ActiveCfg = Debug|Any CPU
		{E3B76506-157E-450B-B817-87664095F97C}.Debug|Any CPU.Build.0 = Debug|Any CPU
		{E3B76506-157E-450B-B817-87664095F97C}.Release|Any CPU.ActiveCfg = Release|Any CPU
		{E3B76506-157E-450B-B817-87664095F97C}.Release|Any CPU.Build.0 = Release|Any CPU
		{D3DDCB2C-6C1A-45F0-AC57-19FB4B3F82D6}.Debug|Any CPU.ActiveCfg = Debug|Any CPU
		{D3DDCB2C-6C1A-45F0-AC57-19FB4B3F82D6}.Debug|Any CPU.Build.0 = Debug|Any CPU
		{D3DDCB2C-6C1A-45F0-AC57-19FB4B3F82D6}.Release|Any CPU.ActiveCfg = Release|Any CPU
		{D3DDCB2C-6C1A-45F0-AC57-19FB4B3F82D6}.Release|Any CPU.Build.0 = Release|Any CPU
		{279817AF-B3A4-4767-8B25-A9EC97F1F398}.Debug|Any CPU.ActiveCfg = Debug|Any CPU
		{279817AF-B3A4-4767-8B25-A9EC97F1F398}.Debug|Any CPU.Build.0 = Debug|Any CPU
		{279817AF-B3A4-4767-8B25-A9EC97F1F398}.Release|Any CPU.ActiveCfg = Release|Any CPU
		{279817AF-B3A4-4767-8B25-A9EC97F1F398}.Release|Any CPU.Build.0 = Release|Any CPU
		{73645496-7765-47DE-ACF7-AD6FC199EC3A}.Debug|Any CPU.ActiveCfg = Debug|Any CPU
		{73645496-7765-47DE-ACF7-AD6FC199EC3A}.Debug|Any CPU.Build.0 = Debug|Any CPU
		{73645496-7765-47DE-ACF7-AD6FC199EC3A}.Release|Any CPU.ActiveCfg = Release|Any CPU
		{73645496-7765-47DE-ACF7-AD6FC199EC3A}.Release|Any CPU.Build.0 = Release|Any CPU
		{A35807A4-272C-4916-86E9-D51B12AD0D1B}.Debug|Any CPU.ActiveCfg = Debug|Any CPU
		{A35807A4-272C-4916-86E9-D51B12AD0D1B}.Debug|Any CPU.Build.0 = Debug|Any CPU
		{A35807A4-272C-4916-86E9-D51B12AD0D1B}.Release|Any CPU.ActiveCfg = Release|Any CPU
		{A35807A4-272C-4916-86E9-D51B12AD0D1B}.Release|Any CPU.Build.0 = Release|Any CPU
		{2865A66E-F893-44A0-B548-5B1E2D847665}.Debug|Any CPU.ActiveCfg = Debug|Any CPU
		{2865A66E-F893-44A0-B548-5B1E2D847665}.Debug|Any CPU.Build.0 = Debug|Any CPU
		{2865A66E-F893-44A0-B548-5B1E2D847665}.Release|Any CPU.ActiveCfg = Release|Any CPU
		{2865A66E-F893-44A0-B548-5B1E2D847665}.Release|Any CPU.Build.0 = Release|Any CPU
		{ADC482A5-6E33-451D-8519-E083F7EA4AE8}.Debug|Any CPU.ActiveCfg = Debug|Any CPU
		{ADC482A5-6E33-451D-8519-E083F7EA4AE8}.Debug|Any CPU.Build.0 = Debug|Any CPU
		{ADC482A5-6E33-451D-8519-E083F7EA4AE8}.Release|Any CPU.ActiveCfg = Release|Any CPU
		{ADC482A5-6E33-451D-8519-E083F7EA4AE8}.Release|Any CPU.Build.0 = Release|Any CPU
		{428982CF-BDB6-4A44-AD40-4723577FFD0F}.Debug|Any CPU.ActiveCfg = Debug|Any CPU
		{428982CF-BDB6-4A44-AD40-4723577FFD0F}.Debug|Any CPU.Build.0 = Debug|Any CPU
		{428982CF-BDB6-4A44-AD40-4723577FFD0F}.Release|Any CPU.ActiveCfg = Release|Any CPU
		{428982CF-BDB6-4A44-AD40-4723577FFD0F}.Release|Any CPU.Build.0 = Release|Any CPU
		{B927DA66-9CD8-451C-90B6-0F43A7506170}.Debug|Any CPU.ActiveCfg = Debug|Any CPU
		{B927DA66-9CD8-451C-90B6-0F43A7506170}.Debug|Any CPU.Build.0 = Debug|Any CPU
		{B927DA66-9CD8-451C-90B6-0F43A7506170}.Release|Any CPU.ActiveCfg = Release|Any CPU
		{B927DA66-9CD8-451C-90B6-0F43A7506170}.Release|Any CPU.Build.0 = Release|Any CPU
		{3796A844-1DE6-4481-844B-57AFF82BFC2F}.Debug|Any CPU.ActiveCfg = Debug|Any CPU
		{3796A844-1DE6-4481-844B-57AFF82BFC2F}.Debug|Any CPU.Build.0 = Debug|Any CPU
		{3796A844-1DE6-4481-844B-57AFF82BFC2F}.Release|Any CPU.ActiveCfg = Release|Any CPU
		{3796A844-1DE6-4481-844B-57AFF82BFC2F}.Release|Any CPU.Build.0 = Release|Any CPU
		{12E22B58-AB67-4124-A2EE-87CDE18C7E88}.Debug|Any CPU.ActiveCfg = Debug|Any CPU
		{12E22B58-AB67-4124-A2EE-87CDE18C7E88}.Debug|Any CPU.Build.0 = Debug|Any CPU
		{12E22B58-AB67-4124-A2EE-87CDE18C7E88}.Release|Any CPU.ActiveCfg = Release|Any CPU
		{12E22B58-AB67-4124-A2EE-87CDE18C7E88}.Release|Any CPU.Build.0 = Release|Any CPU
	EndGlobalSection
	GlobalSection(SolutionProperties) = preSolution
		HideSolutionNode = FALSE
	EndGlobalSection
EndGlobal
